
Microsoft Visual Studio Solution File, Format Version 12.00
# Visual Studio Version 17
VisualStudioVersion = 17.7.34221.43
MinimumVisualStudioVersion = 10.0.40219.1
Project("{FAE04EC0-301F-11D3-BF4B-00C04F79EFBC}") = "generics(multiclasses)", "generics(multiclasses).csproj", "{91A149BD-3BFC-433F-A84C-428AE256B5EE}"
EndProject
Global
	GlobalSection(SolutionConfigurationPlatforms) = preSolution
		Debug|Any CPU = Debug|Any CPU
		Release|Any CPU = Release|Any CPU
	EndGlobalSection
	GlobalSection(ProjectConfigurationPlatforms) = postSolution
		{91A149BD-3BFC-433F-A84C-428AE256B5EE}.Debug|Any CPU.ActiveCfg = Debug|Any CPU
		{91A149BD-3BFC-433F-A84C-428AE256B5EE}.Debug|Any CPU.Build.0 = Debug|Any CPU
		{91A149BD-3BFC-433F-A84C-428AE256B5EE}.Release|Any CPU.ActiveCfg = Release|Any CPU
		{91A149BD-3BFC-433F-A84C-428AE256B5EE}.Release|Any CPU.Build.0 = Release|Any CPU
	EndGlobalSection
	GlobalSection(SolutionProperties) = preSolution
		HideSolutionNode = FALSE
	EndGlobalSection
	GlobalSection(ExtensibilityGlobals) = postSolution
		SolutionGuid = {551D916E-27AA-41C3-AD9B-E1616DF2BCA2}
	EndGlobalSection
EndGlobal
