
Microsoft Visual Studio Solution File, Format Version 12.00
# Visual Studio Version 17
VisualStudioVersion = 17.7.34221.43
MinimumVisualStudioVersion = 10.0.40219.1
Project("{FAE04EC0-301F-11D3-BF4B-00C04F79EFBC}") = "methodhiding", "methodhiding.csproj", "{021FC7D2-F7E4-430A-B3EF-EC11083F02DA}"
EndProject
Global
	GlobalSection(SolutionConfigurationPlatforms) = preSolution
		Debug|Any CPU = Debug|Any CPU
		Release|Any CPU = Release|Any CPU
	EndGlobalSection
	GlobalSection(ProjectConfigurationPlatforms) = postSolution
		{021FC7D2-F7E4-430A-B3EF-EC11083F02DA}.Debug|Any CPU.ActiveCfg = Debug|Any CPU
		{021FC7D2-F7E4-430A-B3EF-EC11083F02DA}.Debug|Any CPU.Build.0 = Debug|Any CPU
		{021FC7D2-F7E4-430A-B3EF-EC11083F02DA}.Release|Any CPU.ActiveCfg = Release|Any CPU
		{021FC7D2-F7E4-430A-B3EF-EC11083F02DA}.Release|Any CPU.Build.0 = Release|Any CPU
	EndGlobalSection
	GlobalSection(SolutionProperties) = preSolution
		HideSolutionNode = FALSE
	EndGlobalSection
	GlobalSection(ExtensibilityGlobals) = postSolution
		SolutionGuid = {729601D6-5773-4364-AD7E-FE4E36EAAE45}
	EndGlobalSection
EndGlobal
